// !$*UTF8*$!
{
	archiveVersion = 1;
	classes = {
	};
	objectVersion = 48;
	objects = {

/* Begin PBXBuildFile section */
		9B037A8D1F3B618C00ACCC26 /* SeparatorView.swift in Sources */ = {isa = PBXBuildFile; fileRef = 9B037A8C1F3B618C00ACCC26 /* SeparatorView.swift */; };
		9B0A24731F34ACB500BCAA91 /* UIViewController+Panel.swift in Sources */ = {isa = PBXBuildFile; fileRef = 9B0A24721F34ACB500BCAA91 /* UIViewController+Panel.swift */; };
		9B22095E1F1E1C1400BD4E72 /* PanGestureRecognizer.swift in Sources */ = {isa = PBXBuildFile; fileRef = 9B22095D1F1E1C1400BD4E72 /* PanGestureRecognizer.swift */; };
		9B2209601F1E4CC700BD4E72 /* ResizeHandle.swift in Sources */ = {isa = PBXBuildFile; fileRef = 9B22095F1F1E4CC700BD4E72 /* ResizeHandle.swift */; };
		9B2252331F15089C006DE55D /* AppDelegate.swift in Sources */ = {isa = PBXBuildFile; fileRef = 9B2252321F15089C006DE55D /* AppDelegate.swift */; };
		9B2252351F15089C006DE55D /* ViewController.swift in Sources */ = {isa = PBXBuildFile; fileRef = 9B2252341F15089C006DE55D /* ViewController.swift */; };
		9B22523A1F15089C006DE55D /* Assets.xcassets in Resources */ = {isa = PBXBuildFile; fileRef = 9B2252391F15089C006DE55D /* Assets.xcassets */; };
		9B2252691F1508FD006DE55D /* Aiolos.h in Headers */ = {isa = PBXBuildFile; fileRef = 9B2252591F1508FD006DE55D /* Aiolos.h */; settings = {ATTRIBUTES = (Public, ); }; };
		9B22526C1F1508FD006DE55D /* Aiolos.framework in Frameworks */ = {isa = PBXBuildFile; fileRef = 9B2252571F1508FD006DE55D /* Aiolos.framework */; };
		9B22526D1F1508FD006DE55D /* Aiolos.framework in Embed Frameworks */ = {isa = PBXBuildFile; fileRef = 9B2252571F1508FD006DE55D /* Aiolos.framework */; settings = {ATTRIBUTES = (CodeSignOnCopy, RemoveHeadersOnCopy, ); }; };
		9B2252761F150995006DE55D /* PanelTransitionCoordinator.swift in Sources */ = {isa = PBXBuildFile; fileRef = 9B2252751F150995006DE55D /* PanelTransitionCoordinator.swift */; };
		9B2252781F150A8E006DE55D /* PanelDelegate.swift in Sources */ = {isa = PBXBuildFile; fileRef = 9B2252771F150A8E006DE55D /* PanelDelegate.swift */; };
		9B22527A1F150B14006DE55D /* Panel.swift in Sources */ = {isa = PBXBuildFile; fileRef = 9B2252791F150B14006DE55D /* Panel.swift */; };
		9B22527E1F150F39006DE55D /* PanelView.swift in Sources */ = {isa = PBXBuildFile; fileRef = 9B22527D1F150F39006DE55D /* PanelView.swift */; };
		9B2252801F151046006DE55D /* PanelConfiguration.swift in Sources */ = {isa = PBXBuildFile; fileRef = 9B22527F1F151046006DE55D /* PanelConfiguration.swift */; };
		9B5B234A21FB481D00859947 /* UIView+RTL.swift in Sources */ = {isa = PBXBuildFile; fileRef = 9B5B234921FB481D00859947 /* UIView+RTL.swift */; };
		9BC45F8A1F320A860099EE5B /* Launch Screen.storyboard in Resources */ = {isa = PBXBuildFile; fileRef = 9BC45F891F320A860099EE5B /* Launch Screen.storyboard */; };
		9BC5F42F1F34757C001DDBEE /* ShadowView.swift in Sources */ = {isa = PBXBuildFile; fileRef = 9BC5F42E1F34757C001DDBEE /* ShadowView.swift */; };
		9BC6A9411F3A03D100CE9499 /* PanelTransition.swift in Sources */ = {isa = PBXBuildFile; fileRef = 9BC6A9401F3A03D100CE9499 /* PanelTransition.swift */; };
		9BEB70271F16582F00EDB0C1 /* PanelContentViewController.swift in Sources */ = {isa = PBXBuildFile; fileRef = 9BEB70261F16582F00EDB0C1 /* PanelContentViewController.swift */; };
		9BEB70291F17715700EDB0C1 /* ContainerView.swift in Sources */ = {isa = PBXBuildFile; fileRef = 9BEB70281F17715700EDB0C1 /* ContainerView.swift */; };
		9BEB702B1F179D2A00EDB0C1 /* PanelConstraints.swift in Sources */ = {isa = PBXBuildFile; fileRef = 9BEB702A1F179D2A00EDB0C1 /* PanelConstraints.swift */; };
		9BEB702D1F17A2CF00EDB0C1 /* PanelAnimator.swift in Sources */ = {isa = PBXBuildFile; fileRef = 9BEB702C1F17A2CF00EDB0C1 /* PanelAnimator.swift */; };
		9BEB702F1F18F9C600EDB0C1 /* PanelGestures.swift in Sources */ = {isa = PBXBuildFile; fileRef = 9BEB702E1F18F9C600EDB0C1 /* PanelGestures.swift */; };
		9BEB70311F19154300EDB0C1 /* KeyboardLayoutGuide.swift in Sources */ = {isa = PBXBuildFile; fileRef = 9BEB70301F19154300EDB0C1 /* KeyboardLayoutGuide.swift */; };
		9C0DBA822214323900FA5244 /* PanelRepositionContext.swift in Sources */ = {isa = PBXBuildFile; fileRef = 9C0DBA812214323900FA5244 /* PanelRepositionContext.swift */; };
		9C6F82122265D5B000085558 /* HorizontalPanGestureRecognizer.swift in Sources */ = {isa = PBXBuildFile; fileRef = 9C6F82112265D5B000085558 /* HorizontalPanGestureRecognizer.swift */; };
/* End PBXBuildFile section */

/* Begin PBXContainerItemProxy section */
		9B22526A1F1508FD006DE55D /* PBXContainerItemProxy */ = {
			isa = PBXContainerItemProxy;
			containerPortal = 9B2252271F15089C006DE55D /* Project object */;
			proxyType = 1;
			remoteGlobalIDString = 9B2252561F1508FD006DE55D;
			remoteInfo = Aiolos;
		};
/* End PBXContainerItemProxy section */

/* Begin PBXCopyFilesBuildPhase section */
		9B2252711F1508FD006DE55D /* Embed Frameworks */ = {
			isa = PBXCopyFilesBuildPhase;
			buildActionMask = 2147483647;
			dstPath = "";
			dstSubfolderSpec = 10;
			files = (
				9B22526D1F1508FD006DE55D /* Aiolos.framework in Embed Frameworks */,
			);
			name = "Embed Frameworks";
			runOnlyForDeploymentPostprocessing = 0;
		};
/* End PBXCopyFilesBuildPhase section */

/* Begin PBXFileReference section */
		9B037A8C1F3B618C00ACCC26 /* SeparatorView.swift */ = {isa = PBXFileReference; lastKnownFileType = sourcecode.swift; path = SeparatorView.swift; sourceTree = "<group>"; };
		9B0A24721F34ACB500BCAA91 /* UIViewController+Panel.swift */ = {isa = PBXFileReference; lastKnownFileType = sourcecode.swift; path = "UIViewController+Panel.swift"; sourceTree = "<group>"; };
		9B22095D1F1E1C1400BD4E72 /* PanGestureRecognizer.swift */ = {isa = PBXFileReference; lastKnownFileType = sourcecode.swift; path = PanGestureRecognizer.swift; sourceTree = "<group>"; };
		9B22095F1F1E4CC700BD4E72 /* ResizeHandle.swift */ = {isa = PBXFileReference; lastKnownFileType = sourcecode.swift; path = ResizeHandle.swift; sourceTree = "<group>"; };
		9B22522F1F15089C006DE55D /* AiolosDemo.app */ = {isa = PBXFileReference; explicitFileType = wrapper.application; includeInIndex = 0; path = AiolosDemo.app; sourceTree = BUILT_PRODUCTS_DIR; };
		9B2252321F15089C006DE55D /* AppDelegate.swift */ = {isa = PBXFileReference; lastKnownFileType = sourcecode.swift; path = AppDelegate.swift; sourceTree = "<group>"; };
		9B2252341F15089C006DE55D /* ViewController.swift */ = {isa = PBXFileReference; lastKnownFileType = sourcecode.swift; path = ViewController.swift; sourceTree = "<group>"; };
		9B2252391F15089C006DE55D /* Assets.xcassets */ = {isa = PBXFileReference; lastKnownFileType = folder.assetcatalog; path = Assets.xcassets; sourceTree = "<group>"; };
		9B22523E1F15089C006DE55D /* Info.plist */ = {isa = PBXFileReference; lastKnownFileType = text.plist.xml; path = Info.plist; sourceTree = "<group>"; };
		9B2252571F1508FD006DE55D /* Aiolos.framework */ = {isa = PBXFileReference; explicitFileType = wrapper.framework; includeInIndex = 0; path = Aiolos.framework; sourceTree = BUILT_PRODUCTS_DIR; };
		9B2252591F1508FD006DE55D /* Aiolos.h */ = {isa = PBXFileReference; lastKnownFileType = sourcecode.c.h; path = Aiolos.h; sourceTree = "<group>"; };
		9B22525A1F1508FD006DE55D /* Info.plist */ = {isa = PBXFileReference; lastKnownFileType = text.plist.xml; path = Info.plist; sourceTree = "<group>"; };
		9B2252751F150995006DE55D /* PanelTransitionCoordinator.swift */ = {isa = PBXFileReference; lastKnownFileType = sourcecode.swift; path = PanelTransitionCoordinator.swift; sourceTree = "<group>"; };
		9B2252771F150A8E006DE55D /* PanelDelegate.swift */ = {isa = PBXFileReference; lastKnownFileType = sourcecode.swift; path = PanelDelegate.swift; sourceTree = "<group>"; };
		9B2252791F150B14006DE55D /* Panel.swift */ = {isa = PBXFileReference; lastKnownFileType = sourcecode.swift; path = Panel.swift; sourceTree = "<group>"; };
		9B22527D1F150F39006DE55D /* PanelView.swift */ = {isa = PBXFileReference; lastKnownFileType = sourcecode.swift; path = PanelView.swift; sourceTree = "<group>"; };
		9B22527F1F151046006DE55D /* PanelConfiguration.swift */ = {isa = PBXFileReference; lastKnownFileType = sourcecode.swift; path = PanelConfiguration.swift; sourceTree = "<group>"; };
		9B5B234921FB481D00859947 /* UIView+RTL.swift */ = {isa = PBXFileReference; lastKnownFileType = sourcecode.swift; path = "UIView+RTL.swift"; sourceTree = "<group>"; };
		9BC45F891F320A860099EE5B /* Launch Screen.storyboard */ = {isa = PBXFileReference; lastKnownFileType = file.storyboard; path = "Launch Screen.storyboard"; sourceTree = "<group>"; };
		9BC5F42E1F34757C001DDBEE /* ShadowView.swift */ = {isa = PBXFileReference; lastKnownFileType = sourcecode.swift; path = ShadowView.swift; sourceTree = "<group>"; };
		9BC6A9401F3A03D100CE9499 /* PanelTransition.swift */ = {isa = PBXFileReference; lastKnownFileType = sourcecode.swift; path = PanelTransition.swift; sourceTree = "<group>"; };
		9BEB70261F16582F00EDB0C1 /* PanelContentViewController.swift */ = {isa = PBXFileReference; lastKnownFileType = sourcecode.swift; path = PanelContentViewController.swift; sourceTree = "<group>"; };
		9BEB70281F17715700EDB0C1 /* ContainerView.swift */ = {isa = PBXFileReference; lastKnownFileType = sourcecode.swift; path = ContainerView.swift; sourceTree = "<group>"; };
		9BEB702A1F179D2A00EDB0C1 /* PanelConstraints.swift */ = {isa = PBXFileReference; lastKnownFileType = sourcecode.swift; path = PanelConstraints.swift; sourceTree = "<group>"; };
		9BEB702C1F17A2CF00EDB0C1 /* PanelAnimator.swift */ = {isa = PBXFileReference; lastKnownFileType = sourcecode.swift; path = PanelAnimator.swift; sourceTree = "<group>"; };
		9BEB702E1F18F9C600EDB0C1 /* PanelGestures.swift */ = {isa = PBXFileReference; lastKnownFileType = sourcecode.swift; path = PanelGestures.swift; sourceTree = "<group>"; };
		9BEB70301F19154300EDB0C1 /* KeyboardLayoutGuide.swift */ = {isa = PBXFileReference; lastKnownFileType = sourcecode.swift; path = KeyboardLayoutGuide.swift; sourceTree = "<group>"; };
		9C0DBA812214323900FA5244 /* PanelRepositionContext.swift */ = {isa = PBXFileReference; lastKnownFileType = sourcecode.swift; path = PanelRepositionContext.swift; sourceTree = "<group>"; };
		9C6F82112265D5B000085558 /* HorizontalPanGestureRecognizer.swift */ = {isa = PBXFileReference; lastKnownFileType = sourcecode.swift; path = HorizontalPanGestureRecognizer.swift; sourceTree = "<group>"; };
/* End PBXFileReference section */

/* Begin PBXFrameworksBuildPhase section */
		9B22522C1F15089C006DE55D /* Frameworks */ = {
			isa = PBXFrameworksBuildPhase;
			buildActionMask = 2147483647;
			files = (
				9B22526C1F1508FD006DE55D /* Aiolos.framework in Frameworks */,
			);
			runOnlyForDeploymentPostprocessing = 0;
		};
		9B2252531F1508FD006DE55D /* Frameworks */ = {
			isa = PBXFrameworksBuildPhase;
			buildActionMask = 2147483647;
			files = (
			);
			runOnlyForDeploymentPostprocessing = 0;
		};
/* End PBXFrameworksBuildPhase section */

/* Begin PBXGroup section */
		9B2252261F15089C006DE55D = {
			isa = PBXGroup;
			children = (
				9B2252311F15089C006DE55D /* Demo */,
				9B2252581F1508FD006DE55D /* Aiolos */,
				9B2252301F15089C006DE55D /* Products */,
			);
			sourceTree = "<group>";
		};
		9B2252301F15089C006DE55D /* Products */ = {
			isa = PBXGroup;
			children = (
				9B22522F1F15089C006DE55D /* AiolosDemo.app */,
				9B2252571F1508FD006DE55D /* Aiolos.framework */,
			);
			name = Products;
			sourceTree = "<group>";
		};
		9B2252311F15089C006DE55D /* Demo */ = {
			isa = PBXGroup;
			children = (
				9B2252321F15089C006DE55D /* AppDelegate.swift */,
				9B2252391F15089C006DE55D /* Assets.xcassets */,
				9B22523E1F15089C006DE55D /* Info.plist */,
				9BEB70261F16582F00EDB0C1 /* PanelContentViewController.swift */,
				9B2252341F15089C006DE55D /* ViewController.swift */,
				9BC45F891F320A860099EE5B /* Launch Screen.storyboard */,
			);
			path = Demo;
			sourceTree = "<group>";
		};
		9B2252581F1508FD006DE55D /* Aiolos */ = {
			isa = PBXGroup;
			children = (
				9B2252591F1508FD006DE55D /* Aiolos.h */,
				9B22525A1F1508FD006DE55D /* Info.plist */,
				9B22527B1F150B21006DE55D /* Sources */,
			);
			path = Aiolos;
			sourceTree = "<group>";
		};
		9B22527B1F150B21006DE55D /* Sources */ = {
			isa = PBXGroup;
			children = (
				9BEB70281F17715700EDB0C1 /* ContainerView.swift */,
				9BEB70301F19154300EDB0C1 /* KeyboardLayoutGuide.swift */,
				9B2252791F150B14006DE55D /* Panel.swift */,
				9BEB702C1F17A2CF00EDB0C1 /* PanelAnimator.swift */,
				9B22527F1F151046006DE55D /* PanelConfiguration.swift */,
				9BEB702A1F179D2A00EDB0C1 /* PanelConstraints.swift */,
				9B2252771F150A8E006DE55D /* PanelDelegate.swift */,
				9BEB702E1F18F9C600EDB0C1 /* PanelGestures.swift */,
				9C0DBA812214323900FA5244 /* PanelRepositionContext.swift */,
				9BC6A9401F3A03D100CE9499 /* PanelTransition.swift */,
				9B2252751F150995006DE55D /* PanelTransitionCoordinator.swift */,
				9B22527D1F150F39006DE55D /* PanelView.swift */,
				9B22095D1F1E1C1400BD4E72 /* PanGestureRecognizer.swift */,
				9C6F82112265D5B000085558 /* HorizontalPanGestureRecognizer.swift */,
				9B22095F1F1E4CC700BD4E72 /* ResizeHandle.swift */,
				9B037A8C1F3B618C00ACCC26 /* SeparatorView.swift */,
				9BC5F42E1F34757C001DDBEE /* ShadowView.swift */,
				9B5B234921FB481D00859947 /* UIView+RTL.swift */,
				9B0A24721F34ACB500BCAA91 /* UIViewController+Panel.swift */,
			);
			path = Sources;
			sourceTree = "<group>";
		};
/* End PBXGroup section */

/* Begin PBXHeadersBuildPhase section */
		9B2252541F1508FD006DE55D /* Headers */ = {
			isa = PBXHeadersBuildPhase;
			buildActionMask = 2147483647;
			files = (
				9B2252691F1508FD006DE55D /* Aiolos.h in Headers */,
			);
			runOnlyForDeploymentPostprocessing = 0;
		};
/* End PBXHeadersBuildPhase section */

/* Begin PBXNativeTarget section */
		9B22522E1F15089C006DE55D /* AiolosDemo */ = {
			isa = PBXNativeTarget;
			buildConfigurationList = 9B22524C1F15089C006DE55D /* Build configuration list for PBXNativeTarget "AiolosDemo" */;
			buildPhases = (
				9B22522B1F15089C006DE55D /* Sources */,
				9B22522C1F15089C006DE55D /* Frameworks */,
				9B22522D1F15089C006DE55D /* Resources */,
				9B2252711F1508FD006DE55D /* Embed Frameworks */,
			);
			buildRules = (
			);
			dependencies = (
				9B22526B1F1508FD006DE55D /* PBXTargetDependency */,
			);
			name = AiolosDemo;
			productName = Aiolos;
			productReference = 9B22522F1F15089C006DE55D /* AiolosDemo.app */;
			productType = "com.apple.product-type.application";
		};
		9B2252561F1508FD006DE55D /* Aiolos */ = {
			isa = PBXNativeTarget;
			buildConfigurationList = 9B22526E1F1508FD006DE55D /* Build configuration list for PBXNativeTarget "Aiolos" */;
			buildPhases = (
				9B2252521F1508FD006DE55D /* Sources */,
				9B2252531F1508FD006DE55D /* Frameworks */,
				9B2252541F1508FD006DE55D /* Headers */,
				9B2252551F1508FD006DE55D /* Resources */,
			);
			buildRules = (
			);
			dependencies = (
			);
			name = Aiolos;
			productName = Aiolos;
			productReference = 9B2252571F1508FD006DE55D /* Aiolos.framework */;
			productType = "com.apple.product-type.framework";
		};
/* End PBXNativeTarget section */

/* Begin PBXProject section */
		9B2252271F15089C006DE55D /* Project object */ = {
			isa = PBXProject;
			attributes = {
				LastSwiftUpdateCheck = 0900;
				LastUpgradeCheck = 0930;
				ORGANIZATIONNAME = "Matthias Tretter";
				TargetAttributes = {
					9B22522E1F15089C006DE55D = {
						CreatedOnToolsVersion = 9.0;
						LastSwiftMigration = 1020;
					};
					9B2252561F1508FD006DE55D = {
						CreatedOnToolsVersion = 9.0;
						LastSwiftMigration = 1020;
					};
				};
			};
			buildConfigurationList = 9B22522A1F15089C006DE55D /* Build configuration list for PBXProject "Aiolos" */;
			compatibilityVersion = "Xcode 8.0";
			developmentRegion = en;
			hasScannedForEncodings = 0;
			knownRegions = (
				en,
				Base,
			);
			mainGroup = 9B2252261F15089C006DE55D;
			productRefGroup = 9B2252301F15089C006DE55D /* Products */;
			projectDirPath = "";
			projectRoot = "";
			targets = (
				9B22522E1F15089C006DE55D /* AiolosDemo */,
				9B2252561F1508FD006DE55D /* Aiolos */,
			);
		};
/* End PBXProject section */

/* Begin PBXResourcesBuildPhase section */
		9B22522D1F15089C006DE55D /* Resources */ = {
			isa = PBXResourcesBuildPhase;
			buildActionMask = 2147483647;
			files = (
				9BC45F8A1F320A860099EE5B /* Launch Screen.storyboard in Resources */,
				9B22523A1F15089C006DE55D /* Assets.xcassets in Resources */,
			);
			runOnlyForDeploymentPostprocessing = 0;
		};
		9B2252551F1508FD006DE55D /* Resources */ = {
			isa = PBXResourcesBuildPhase;
			buildActionMask = 2147483647;
			files = (
			);
			runOnlyForDeploymentPostprocessing = 0;
		};
/* End PBXResourcesBuildPhase section */

/* Begin PBXSourcesBuildPhase section */
		9B22522B1F15089C006DE55D /* Sources */ = {
			isa = PBXSourcesBuildPhase;
			buildActionMask = 2147483647;
			files = (
				9B2252351F15089C006DE55D /* ViewController.swift in Sources */,
				9BEB70271F16582F00EDB0C1 /* PanelContentViewController.swift in Sources */,
				9B2252331F15089C006DE55D /* AppDelegate.swift in Sources */,
			);
			runOnlyForDeploymentPostprocessing = 0;
		};
		9B2252521F1508FD006DE55D /* Sources */ = {
			isa = PBXSourcesBuildPhase;
			buildActionMask = 2147483647;
			files = (
				9BEB70311F19154300EDB0C1 /* KeyboardLayoutGuide.swift in Sources */,
				9B2252761F150995006DE55D /* PanelTransitionCoordinator.swift in Sources */,
				9BEB702B1F179D2A00EDB0C1 /* PanelConstraints.swift in Sources */,
				9B22527E1F150F39006DE55D /* PanelView.swift in Sources */,
				9B2252781F150A8E006DE55D /* PanelDelegate.swift in Sources */,
				9BEB702D1F17A2CF00EDB0C1 /* PanelAnimator.swift in Sources */,
				9B22095E1F1E1C1400BD4E72 /* PanGestureRecognizer.swift in Sources */,
				9B2252801F151046006DE55D /* PanelConfiguration.swift in Sources */,
				9BEB70291F17715700EDB0C1 /* ContainerView.swift in Sources */,
				9C0DBA822214323900FA5244 /* PanelRepositionContext.swift in Sources */,
				9B0A24731F34ACB500BCAA91 /* UIViewController+Panel.swift in Sources */,
				9B037A8D1F3B618C00ACCC26 /* SeparatorView.swift in Sources */,
				9BC6A9411F3A03D100CE9499 /* PanelTransition.swift in Sources */,
				9C6F82122265D5B000085558 /* HorizontalPanGestureRecognizer.swift in Sources */,
				9B2209601F1E4CC700BD4E72 /* ResizeHandle.swift in Sources */,
				9BC5F42F1F34757C001DDBEE /* ShadowView.swift in Sources */,
				9B5B234A21FB481D00859947 /* UIView+RTL.swift in Sources */,
				9BEB702F1F18F9C600EDB0C1 /* PanelGestures.swift in Sources */,
				9B22527A1F150B14006DE55D /* Panel.swift in Sources */,
			);
			runOnlyForDeploymentPostprocessing = 0;
		};
/* End PBXSourcesBuildPhase section */

/* Begin PBXTargetDependency section */
		9B22526B1F1508FD006DE55D /* PBXTargetDependency */ = {
			isa = PBXTargetDependency;
			target = 9B2252561F1508FD006DE55D /* Aiolos */;
			targetProxy = 9B22526A1F1508FD006DE55D /* PBXContainerItemProxy */;
		};
/* End PBXTargetDependency section */

/* Begin XCBuildConfiguration section */
		9B22524A1F15089C006DE55D /* Debug */ = {
			isa = XCBuildConfiguration;
			buildSettings = {
				ALWAYS_SEARCH_USER_PATHS = NO;
				CLANG_ANALYZER_NONNULL = YES;
				CLANG_ANALYZER_NUMBER_OBJECT_CONVERSION = YES_AGGRESSIVE;
				CLANG_CXX_LANGUAGE_STANDARD = "gnu++14";
				CLANG_CXX_LIBRARY = "libc++";
				CLANG_ENABLE_MODULES = YES;
				CLANG_ENABLE_OBJC_ARC = YES;
				CLANG_WARN_BLOCK_CAPTURE_AUTORELEASING = YES;
				CLANG_WARN_BOOL_CONVERSION = YES;
				CLANG_WARN_COMMA = YES;
				CLANG_WARN_CONSTANT_CONVERSION = YES;
				CLANG_WARN_DEPRECATED_OBJC_IMPLEMENTATIONS = YES;
				CLANG_WARN_DIRECT_OBJC_ISA_USAGE = YES_ERROR;
				CLANG_WARN_DOCUMENTATION_COMMENTS = YES;
				CLANG_WARN_EMPTY_BODY = YES;
				CLANG_WARN_ENUM_CONVERSION = YES;
				CLANG_WARN_INFINITE_RECURSION = YES;
				CLANG_WARN_INT_CONVERSION = YES;
				CLANG_WARN_NON_LITERAL_NULL_CONVERSION = YES;
				CLANG_WARN_OBJC_IMPLICIT_RETAIN_SELF = YES;
				CLANG_WARN_OBJC_LITERAL_CONVERSION = YES;
				CLANG_WARN_OBJC_ROOT_CLASS = YES_ERROR;
				CLANG_WARN_RANGE_LOOP_ANALYSIS = YES;
				CLANG_WARN_STRICT_PROTOTYPES = YES;
				CLANG_WARN_SUSPICIOUS_MOVE = YES;
				CLANG_WARN_UNGUARDED_AVAILABILITY = YES_AGGRESSIVE;
				CLANG_WARN_UNREACHABLE_CODE = YES;
				CLANG_WARN__DUPLICATE_METHOD_MATCH = YES;
				CODE_SIGN_IDENTITY = "iPhone Developer";
				COPY_PHASE_STRIP = NO;
				DEBUG_INFORMATION_FORMAT = dwarf;
				ENABLE_STRICT_OBJC_MSGSEND = YES;
				ENABLE_TESTABILITY = YES;
				GCC_C_LANGUAGE_STANDARD = gnu11;
				GCC_DYNAMIC_NO_PIC = NO;
				GCC_NO_COMMON_BLOCKS = YES;
				GCC_OPTIMIZATION_LEVEL = 0;
				GCC_PREPROCESSOR_DEFINITIONS = (
					"DEBUG=1",
					"$(inherited)",
				);
				GCC_WARN_64_TO_32_BIT_CONVERSION = YES;
				GCC_WARN_ABOUT_RETURN_TYPE = YES_ERROR;
				GCC_WARN_UNDECLARED_SELECTOR = YES;
				GCC_WARN_UNINITIALIZED_AUTOS = YES_AGGRESSIVE;
				GCC_WARN_UNUSED_FUNCTION = YES;
				GCC_WARN_UNUSED_VARIABLE = YES;
				IPHONEOS_DEPLOYMENT_TARGET = 11.0;
				MTL_ENABLE_DEBUG_INFO = YES;
				ONLY_ACTIVE_ARCH = YES;
				SDKROOT = iphoneos;
				SWIFT_ACTIVE_COMPILATION_CONDITIONS = DEBUG;
				SWIFT_OPTIMIZATION_LEVEL = "-Onone";
				SWIFT_VERSION = 4.0;
			};
			name = Debug;
		};
		9B22524B1F15089C006DE55D /* Release */ = {
			isa = XCBuildConfiguration;
			buildSettings = {
				ALWAYS_SEARCH_USER_PATHS = NO;
				CLANG_ANALYZER_NONNULL = YES;
				CLANG_ANALYZER_NUMBER_OBJECT_CONVERSION = YES_AGGRESSIVE;
				CLANG_CXX_LANGUAGE_STANDARD = "gnu++14";
				CLANG_CXX_LIBRARY = "libc++";
				CLANG_ENABLE_MODULES = YES;
				CLANG_ENABLE_OBJC_ARC = YES;
				CLANG_WARN_BLOCK_CAPTURE_AUTORELEASING = YES;
				CLANG_WARN_BOOL_CONVERSION = YES;
				CLANG_WARN_COMMA = YES;
				CLANG_WARN_CONSTANT_CONVERSION = YES;
				CLANG_WARN_DEPRECATED_OBJC_IMPLEMENTATIONS = YES;
				CLANG_WARN_DIRECT_OBJC_ISA_USAGE = YES_ERROR;
				CLANG_WARN_DOCUMENTATION_COMMENTS = YES;
				CLANG_WARN_EMPTY_BODY = YES;
				CLANG_WARN_ENUM_CONVERSION = YES;
				CLANG_WARN_INFINITE_RECURSION = YES;
				CLANG_WARN_INT_CONVERSION = YES;
				CLANG_WARN_NON_LITERAL_NULL_CONVERSION = YES;
				CLANG_WARN_OBJC_IMPLICIT_RETAIN_SELF = YES;
				CLANG_WARN_OBJC_LITERAL_CONVERSION = YES;
				CLANG_WARN_OBJC_ROOT_CLASS = YES_ERROR;
				CLANG_WARN_RANGE_LOOP_ANALYSIS = YES;
				CLANG_WARN_STRICT_PROTOTYPES = YES;
				CLANG_WARN_SUSPICIOUS_MOVE = YES;
				CLANG_WARN_UNGUARDED_AVAILABILITY = YES_AGGRESSIVE;
				CLANG_WARN_UNREACHABLE_CODE = YES;
				CLANG_WARN__DUPLICATE_METHOD_MATCH = YES;
				CODE_SIGN_IDENTITY = "iPhone Developer";
				COPY_PHASE_STRIP = NO;
				DEBUG_INFORMATION_FORMAT = "dwarf-with-dsym";
				ENABLE_NS_ASSERTIONS = NO;
				ENABLE_STRICT_OBJC_MSGSEND = YES;
				GCC_C_LANGUAGE_STANDARD = gnu11;
				GCC_NO_COMMON_BLOCKS = YES;
				GCC_WARN_64_TO_32_BIT_CONVERSION = YES;
				GCC_WARN_ABOUT_RETURN_TYPE = YES_ERROR;
				GCC_WARN_UNDECLARED_SELECTOR = YES;
				GCC_WARN_UNINITIALIZED_AUTOS = YES_AGGRESSIVE;
				GCC_WARN_UNUSED_FUNCTION = YES;
				GCC_WARN_UNUSED_VARIABLE = YES;
				IPHONEOS_DEPLOYMENT_TARGET = 11.0;
				MTL_ENABLE_DEBUG_INFO = NO;
				SDKROOT = iphoneos;
				SWIFT_OPTIMIZATION_LEVEL = "-Owholemodule";
				SWIFT_VERSION = 4.0;
				VALIDATE_PRODUCT = YES;
			};
			name = Release;
		};
		9B22524D1F15089C006DE55D /* Debug */ = {
			isa = XCBuildConfiguration;
			buildSettings = {
				ALWAYS_EMBED_SWIFT_STANDARD_LIBRARIES = YES;
				ASSETCATALOG_COMPILER_APPICON_NAME = AppIcon;
				DEVELOPMENT_TEAM = W6L39UYL6Z;
				INFOPLIST_FILE = Aiolos/Info.plist;
				LD_RUNPATH_SEARCH_PATHS = "$(inherited) @executable_path/Frameworks";
				PRODUCT_BUNDLE_IDENTIFIER = com.ideasoncanvas.AiolosDemo;
				PRODUCT_NAME = "$(TARGET_NAME)";
				SWIFT_VERSION = 5.0;
				TARGETED_DEVICE_FAMILY = "1,2";
			};
			name = Debug;
		};
		9B22524E1F15089C006DE55D /* Release */ = {
			isa = XCBuildConfiguration;
			buildSettings = {
				ALWAYS_EMBED_SWIFT_STANDARD_LIBRARIES = YES;
				ASSETCATALOG_COMPILER_APPICON_NAME = AppIcon;
				DEVELOPMENT_TEAM = W6L39UYL6Z;
				INFOPLIST_FILE = Aiolos/Info.plist;
				LD_RUNPATH_SEARCH_PATHS = "$(inherited) @executable_path/Frameworks";
				PRODUCT_BUNDLE_IDENTIFIER = com.ideasoncanvas.AiolosDemo;
				PRODUCT_NAME = "$(TARGET_NAME)";
				SWIFT_VERSION = 5.0;
				TARGETED_DEVICE_FAMILY = "1,2";
			};
			name = Release;
		};
		9B22526F1F1508FD006DE55D /* Debug */ = {
			isa = XCBuildConfiguration;
			buildSettings = {
				CLANG_ENABLE_MODULES = YES;
				CODE_SIGN_IDENTITY = "";
				CURRENT_PROJECT_VERSION = 1;
				DEFINES_MODULE = YES;
				DEVELOPMENT_TEAM = W6L39UYL6Z;
				DYLIB_COMPATIBILITY_VERSION = 1;
				DYLIB_CURRENT_VERSION = 1;
				DYLIB_INSTALL_NAME_BASE = "@rpath";
				INFOPLIST_FILE = Aiolos/Info.plist;
				INSTALL_PATH = "$(LOCAL_LIBRARY_DIR)/Frameworks";
				LD_RUNPATH_SEARCH_PATHS = "$(inherited) @executable_path/Frameworks @loader_path/Frameworks";
				PRODUCT_BUNDLE_IDENTIFIER = com.ideasoncanvas.Aiolos;
				PRODUCT_NAME = "$(TARGET_NAME:c99extidentifier)";
				SKIP_INSTALL = YES;
				SWIFT_OPTIMIZATION_LEVEL = "-Onone";
				SWIFT_VERSION = 5.0;
				TARGETED_DEVICE_FAMILY = "1,2";
				VERSIONING_SYSTEM = "apple-generic";
				VERSION_INFO_PREFIX = "";
			};
			name = Debug;
		};
		9B2252701F1508FD006DE55D /* Release */ = {
			isa = XCBuildConfiguration;
			buildSettings = {
				CLANG_ENABLE_MODULES = YES;
				CODE_SIGN_IDENTITY = "";
				CURRENT_PROJECT_VERSION = 1;
				DEFINES_MODULE = YES;
				DEVELOPMENT_TEAM = W6L39UYL6Z;
				DYLIB_COMPATIBILITY_VERSION = 1;
				DYLIB_CURRENT_VERSION = 1;
				DYLIB_INSTALL_NAME_BASE = "@rpath";
				INFOPLIST_FILE = Aiolos/Info.plist;
				INSTALL_PATH = "$(LOCAL_LIBRARY_DIR)/Frameworks";
				LD_RUNPATH_SEARCH_PATHS = "$(inherited) @executable_path/Frameworks @loader_path/Frameworks";
				PRODUCT_BUNDLE_IDENTIFIER = com.ideasoncanvas.Aiolos;
				PRODUCT_NAME = "$(TARGET_NAME:c99extidentifier)";
				SKIP_INSTALL = YES;
				SWIFT_VERSION = 5.0;
				TARGETED_DEVICE_FAMILY = "1,2";
				VERSIONING_SYSTEM = "apple-generic";
				VERSION_INFO_PREFIX = "";
			};
			name = Release;
		};
/* End XCBuildConfiguration section */

/* Begin XCConfigurationList section */
		9B22522A1F15089C006DE55D /* Build configuration list for PBXProject "Aiolos" */ = {
			isa = XCConfigurationList;
			buildConfigurations = (
				9B22524A1F15089C006DE55D /* Debug */,
				9B22524B1F15089C006DE55D /* Release */,
			);
			defaultConfigurationIsVisible = 0;
			defaultConfigurationName = Release;
		};
		9B22524C1F15089C006DE55D /* Build configuration list for PBXNativeTarget "AiolosDemo" */ = {
			isa = XCConfigurationList;
			buildConfigurations = (
				9B22524D1F15089C006DE55D /* Debug */,
				9B22524E1F15089C006DE55D /* Release */,
			);
			defaultConfigurationIsVisible = 0;
			defaultConfigurationName = Release;
		};
		9B22526E1F1508FD006DE55D /* Build configuration list for PBXNativeTarget "Aiolos" */ = {
			isa = XCConfigurationList;
			buildConfigurations = (
				9B22526F1F1508FD006DE55D /* Debug */,
				9B2252701F1508FD006DE55D /* Release */,
			);
			defaultConfigurationIsVisible = 0;
			defaultConfigurationName = Release;
		};
/* End XCConfigurationList section */
	};
	rootObject = 9B2252271F15089C006DE55D /* Project object */;
}
